// !$*UTF8*$!
{
	archiveVersion = 1;
	classes = {
	};
	objectVersion = 46;
	objects = {

/* Begin PBXBuildFile section */
		041E46931B82637D003CCD3E /* KAOPickerCell.m in Sources */ = {isa = PBXBuildFile; fileRef = 041E46921B82637D003CCD3E /* KAOPickerCell.m */; };
		041E469E1B8270DF003CCD3E /* KAOFallingLayout.m in Sources */ = {isa = PBXBuildFile; fileRef = 041E469D1B8270DF003CCD3E /* KAOFallingLayout.m */; };
		DE0022A01B837445001C7162 /* KAOWaterfallLayout.m in Sources */ = {isa = PBXBuildFile; fileRef = DE00229F1B837445001C7162 /* KAOWaterfallLayout.m */; };
		DE0022A31B8374B0001C7162 /* KAOImageCell.m in Sources */ = {isa = PBXBuildFile; fileRef = DE0022A21B8374B0001C7162 /* KAOImageCell.m */; };
		DE0022A61B837EF9001C7162 /* RectPlacement.cpp in Sources */ = {isa = PBXBuildFile; fileRef = DE0022A41B837EF9001C7162 /* RectPlacement.cpp */; };
		DE0022AE1B838386001C7162 /* KAORectReplacementBridge.mm in Sources */ = {isa = PBXBuildFile; fileRef = DE0022AD1B838386001C7162 /* KAORectReplacementBridge.mm */; };
		DE5D8F591B81E78C00B2454A /* main.m in Sources */ = {isa = PBXBuildFile; fileRef = DE5D8F581B81E78C00B2454A /* main.m */; };
		DE5D8F5C1B81E78C00B2454A /* AppDelegate.m in Sources */ = {isa = PBXBuildFile; fileRef = DE5D8F5B1B81E78C00B2454A /* AppDelegate.m */; };
		DE5D8F5F1B81E78C00B2454A /* ViewController.m in Sources */ = {isa = PBXBuildFile; fileRef = DE5D8F5E1B81E78C00B2454A /* ViewController.m */; };
		DE5D8F621B81E78C00B2454A /* Main.storyboard in Resources */ = {isa = PBXBuildFile; fileRef = DE5D8F601B81E78C00B2454A /* Main.storyboard */; };
		DE5D8F641B81E78C00B2454A /* Images.xcassets in Resources */ = {isa = PBXBuildFile; fileRef = DE5D8F631B81E78C00B2454A /* Images.xcassets */; };
		DE5D8F671B81E78C00B2454A /* LaunchScreen.xib in Resources */ = {isa = PBXBuildFile; fileRef = DE5D8F651B81E78C00B2454A /* LaunchScreen.xib */; };
		DE5D8F731B81E78C00B2454A /* KAOCollectionLayoutsTests.m in Sources */ = {isa = PBXBuildFile; fileRef = DE5D8F721B81E78C00B2454A /* KAOCollectionLayoutsTests.m */; };
		DE5D8F821B81E7C400B2454A /* KAOCardLayout.m in Sources */ = {isa = PBXBuildFile; fileRef = DE5D8F811B81E7C400B2454A /* KAOCardLayout.m */; };
		DE5D8F8B1B81F0B600B2454A /* KAOPickerLayout.m in Sources */ = {isa = PBXBuildFile; fileRef = DE5D8F8A1B81F0B600B2454A /* KAOPickerLayout.m */; };
/* End PBXBuildFile section */

/* Begin PBXContainerItemProxy section */
		DE5D8F6D1B81E78C00B2454A /* PBXContainerItemProxy */ = {
			isa = PBXContainerItemProxy;
			containerPortal = DE5D8F4B1B81E78C00B2454A /* Project object */;
			proxyType = 1;
			remoteGlobalIDString = DE5D8F521B81E78C00B2454A;
			remoteInfo = KAOCollectionLayouts;
		};
/* End PBXContainerItemProxy section */

/* Begin PBXFileReference section */
		041E46911B82637D003CCD3E /* KAOPickerCell.h */ = {isa = PBXFileReference; fileEncoding = 4; lastKnownFileType = sourcecode.c.h; path = KAOPickerCell.h; sourceTree = "<group>"; };
		041E46921B82637D003CCD3E /* KAOPickerCell.m */ = {isa = PBXFileReference; fileEncoding = 4; lastKnownFileType = sourcecode.c.objc; path = KAOPickerCell.m; sourceTree = "<group>"; };
		041E469C1B8270DF003CCD3E /* KAOFallingLayout.h */ = {isa = PBXFileReference; fileEncoding = 4; lastKnownFileType = sourcecode.c.h; path = KAOFallingLayout.h; sourceTree = "<group>"; };
		041E469D1B8270DF003CCD3E /* KAOFallingLayout.m */ = {isa = PBXFileReference; fileEncoding = 4; lastKnownFileType = sourcecode.c.objc; path = KAOFallingLayout.m; sourceTree = "<group>"; };
		DE00229E1B837445001C7162 /* KAOWaterfallLayout.h */ = {isa = PBXFileReference; fileEncoding = 4; lastKnownFileType = sourcecode.c.h; path = KAOWaterfallLayout.h; sourceTree = "<group>"; };
		DE00229F1B837445001C7162 /* KAOWaterfallLayout.m */ = {isa = PBXFileReference; fileEncoding = 4; lastKnownFileType = sourcecode.c.objc; path = KAOWaterfallLayout.m; sourceTree = "<group>"; };
		DE0022A11B8374B0001C7162 /* KAOImageCell.h */ = {isa = PBXFileReference; fileEncoding = 4; lastKnownFileType = sourcecode.c.h; path = KAOImageCell.h; sourceTree = "<group>"; };
		DE0022A21B8374B0001C7162 /* KAOImageCell.m */ = {isa = PBXFileReference; fileEncoding = 4; lastKnownFileType = sourcecode.c.objc; path = KAOImageCell.m; sourceTree = "<group>"; };
		DE0022A41B837EF9001C7162 /* RectPlacement.cpp */ = {isa = PBXFileReference; fileEncoding = 4; lastKnownFileType = sourcecode.cpp.cpp; path = RectPlacement.cpp; sourceTree = "<group>"; };
		DE0022A51B837EF9001C7162 /* RectPlacement.h */ = {isa = PBXFileReference; fileEncoding = 4; lastKnownFileType = sourcecode.c.h; path = RectPlacement.h; sourceTree = "<group>"; };
		DE0022AC1B838386001C7162 /* KAORectReplacementBridge.h */ = {isa = PBXFileReference; fileEncoding = 4; lastKnownFileType = sourcecode.c.h; path = KAORectReplacementBridge.h; sourceTree = "<group>"; };
		DE0022AD1B838386001C7162 /* KAORectReplacementBridge.mm */ = {isa = PBXFileReference; fileEncoding = 4; lastKnownFileType = sourcecode.cpp.objcpp; path = KAORectReplacementBridge.mm; sourceTree = "<group>"; };
		DE5D8F531B81E78C00B2454A /* KAOCollectionLayouts.app */ = {isa = PBXFileReference; explicitFileType = wrapper.application; includeInIndex = 0; path = KAOCollectionLayouts.app; sourceTree = BUILT_PRODUCTS_DIR; };
		DE5D8F571B81E78C00B2454A /* Info.plist */ = {isa = PBXFileReference; lastKnownFileType = text.plist.xml; path = Info.plist; sourceTree = "<group>"; };
		DE5D8F581B81E78C00B2454A /* main.m */ = {isa = PBXFileReference; lastKnownFileType = sourcecode.c.objc; path = main.m; sourceTree = "<group>"; };
		DE5D8F5A1B81E78C00B2454A /* AppDelegate.h */ = {isa = PBXFileReference; lastKnownFileType = sourcecode.c.h; path = AppDelegate.h; sourceTree = "<group>"; };
		DE5D8F5B1B81E78C00B2454A /* AppDelegate.m */ = {isa = PBXFileReference; lastKnownFileType = sourcecode.c.objc; path = AppDelegate.m; sourceTree = "<group>"; };
		DE5D8F5D1B81E78C00B2454A /* ViewController.h */ = {isa = PBXFileReference; lastKnownFileType = sourcecode.c.h; path = ViewController.h; sourceTree = "<group>"; };
		DE5D8F5E1B81E78C00B2454A /* ViewController.m */ = {isa = PBXFileReference; lastKnownFileType = sourcecode.c.objc; path = ViewController.m; sourceTree = "<group>"; };
		DE5D8F611B81E78C00B2454A /* Base */ = {isa = PBXFileReference; lastKnownFileType = file.storyboard; name = Base; path = Base.lproj/Main.storyboard; sourceTree = "<group>"; };
		DE5D8F631B81E78C00B2454A /* Images.xcassets */ = {isa = PBXFileReference; lastKnownFileType = folder.assetcatalog; path = Images.xcassets; sourceTree = "<group>"; };
		DE5D8F661B81E78C00B2454A /* Base */ = {isa = PBXFileReference; lastKnownFileType = file.xib; name = Base; path = Base.lproj/LaunchScreen.xib; sourceTree = "<group>"; };
		DE5D8F6C1B81E78C00B2454A /* KAOCollectionLayoutsTests.xctest */ = {isa = PBXFileReference; explicitFileType = wrapper.cfbundle; includeInIndex = 0; path = KAOCollectionLayoutsTests.xctest; sourceTree = BUILT_PRODUCTS_DIR; };
		DE5D8F711B81E78C00B2454A /* Info.plist */ = {isa = PBXFileReference; lastKnownFileType = text.plist.xml; path = Info.plist; sourceTree = "<group>"; };
		DE5D8F721B81E78C00B2454A /* KAOCollectionLayoutsTests.m */ = {isa = PBXFileReference; lastKnownFileType = sourcecode.c.objc; path = KAOCollectionLayoutsTests.m; sourceTree = "<group>"; };
		DE5D8F801B81E7C400B2454A /* KAOCardLayout.h */ = {isa = PBXFileReference; fileEncoding = 4; lastKnownFileType = sourcecode.c.h; path = KAOCardLayout.h; sourceTree = "<group>"; };
		DE5D8F811B81E7C400B2454A /* KAOCardLayout.m */ = {isa = PBXFileReference; fileEncoding = 4; lastKnownFileType = sourcecode.c.objc; path = KAOCardLayout.m; sourceTree = "<group>"; };
		DE5D8F891B81F0B600B2454A /* KAOPickerLayout.h */ = {isa = PBXFileReference; fileEncoding = 4; lastKnownFileType = sourcecode.c.h; path = KAOPickerLayout.h; sourceTree = "<group>"; };
		DE5D8F8A1B81F0B600B2454A /* KAOPickerLayout.m */ = {isa = PBXFileReference; fileEncoding = 4; lastKnownFileType = sourcecode.c.objc; path = KAOPickerLayout.m; sourceTree = "<group>"; };
/* End PBXFileReference section */

/* Begin PBXFrameworksBuildPhase section */
		DE5D8F501B81E78C00B2454A /* Frameworks */ = {
			isa = PBXFrameworksBuildPhase;
			buildActionMask = 2147483647;
			files = (
			);
			runOnlyForDeploymentPostprocessing = 0;
		};
		DE5D8F691B81E78C00B2454A /* Frameworks */ = {
			isa = PBXFrameworksBuildPhase;
			buildActionMask = 2147483647;
			files = (
			);
			runOnlyForDeploymentPostprocessing = 0;
		};
/* End PBXFrameworksBuildPhase section */

/* Begin PBXGroup section */
		041E468F1B82634E003CCD3E /* CardLayout */ = {
			isa = PBXGroup;
			children = (
				DE5D8F801B81E7C400B2454A /* KAOCardLayout.h */,
				DE5D8F811B81E7C400B2454A /* KAOCardLayout.m */,
			);
			name = CardLayout;
			sourceTree = "<group>";
		};
		041E46901B826358003CCD3E /* PickerLayout */ = {
			isa = PBXGroup;
			children = (
				DE5D8F891B81F0B600B2454A /* KAOPickerLayout.h */,
				DE5D8F8A1B81F0B600B2454A /* KAOPickerLayout.m */,
				041E46911B82637D003CCD3E /* KAOPickerCell.h */,
				041E46921B82637D003CCD3E /* KAOPickerCell.m */,
			);
			name = PickerLayout;
			sourceTree = "<group>";
		};
		041E469B1B8270D1003CCD3E /* FallingLayout */ = {
			isa = PBXGroup;
			children = (
				041E469C1B8270DF003CCD3E /* KAOFallingLayout.h */,
				041E469D1B8270DF003CCD3E /* KAOFallingLayout.m */,
			);
			name = FallingLayout;
			sourceTree = "<group>";
		};
		DE00229D1B8373EA001C7162 /* WaterfallLayout */ = {
			isa = PBXGroup;
			children = (
				DE0022AF1B83838A001C7162 /* Alghorithm */,
				DE00229E1B837445001C7162 /* KAOWaterfallLayout.h */,
				DE00229F1B837445001C7162 /* KAOWaterfallLayout.m */,
				DE0022A11B8374B0001C7162 /* KAOImageCell.h */,
				DE0022A21B8374B0001C7162 /* KAOImageCell.m */,
			);
			name = WaterfallLayout;
			sourceTree = "<group>";
		};
		DE0022AF1B83838A001C7162 /* Alghorithm */ = {
			isa = PBXGroup;
			children = (
				DE0022AC1B838386001C7162 /* KAORectReplacementBridge.h */,
				DE0022AD1B838386001C7162 /* KAORectReplacementBridge.mm */,
				DE0022A41B837EF9001C7162 /* RectPlacement.cpp */,
				DE0022A51B837EF9001C7162 /* RectPlacement.h */,
			);
			name = Alghorithm;
			sourceTree = "<group>";
		};
		DE5D8F4A1B81E78C00B2454A = {
			isa = PBXGroup;
			children = (
				DE5D8F551B81E78C00B2454A /* KAOCollectionLayouts */,
				DE5D8F6F1B81E78C00B2454A /* KAOCollectionLayoutsTests */,
				DE5D8F541B81E78C00B2454A /* Products */,
			);
			sourceTree = "<group>";
		};
		DE5D8F541B81E78C00B2454A /* Products */ = {
			isa = PBXGroup;
			children = (
				DE5D8F531B81E78C00B2454A /* KAOCollectionLayouts.app */,
				DE5D8F6C1B81E78C00B2454A /* KAOCollectionLayoutsTests.xctest */,
			);
			name = Products;
			sourceTree = "<group>";
		};
		DE5D8F551B81E78C00B2454A /* KAOCollectionLayouts */ = {
			isa = PBXGroup;
			children = (
				DE5D8F7C1B81E79C00B2454A /* Layouts */,
				DE5D8F5A1B81E78C00B2454A /* AppDelegate.h */,
				DE5D8F5B1B81E78C00B2454A /* AppDelegate.m */,
				DE5D8F5D1B81E78C00B2454A /* ViewController.h */,
				DE5D8F5E1B81E78C00B2454A /* ViewController.m */,
				DE5D8F601B81E78C00B2454A /* Main.storyboard */,
				DE5D8F631B81E78C00B2454A /* Images.xcassets */,
				DE5D8F651B81E78C00B2454A /* LaunchScreen.xib */,
				DE5D8F561B81E78C00B2454A /* Supporting Files */,
			);
			path = KAOCollectionLayouts;
			sourceTree = "<group>";
		};
		DE5D8F561B81E78C00B2454A /* Supporting Files */ = {
			isa = PBXGroup;
			children = (
				DE5D8F571B81E78C00B2454A /* Info.plist */,
				DE5D8F581B81E78C00B2454A /* main.m */,
			);
			name = "Supporting Files";
			sourceTree = "<group>";
		};
		DE5D8F6F1B81E78C00B2454A /* KAOCollectionLayoutsTests */ = {
			isa = PBXGroup;
			children = (
				DE5D8F721B81E78C00B2454A /* KAOCollectionLayoutsTests.m */,
				DE5D8F701B81E78C00B2454A /* Supporting Files */,
			);
			path = KAOCollectionLayoutsTests;
			sourceTree = "<group>";
		};
		DE5D8F701B81E78C00B2454A /* Supporting Files */ = {
			isa = PBXGroup;
			children = (
				DE5D8F711B81E78C00B2454A /* Info.plist */,
			);
			name = "Supporting Files";
			sourceTree = "<group>";
		};
		DE5D8F7C1B81E79C00B2454A /* Layouts */ = {
			isa = PBXGroup;
			children = (
				DE00229D1B8373EA001C7162 /* WaterfallLayout */,
				041E469B1B8270D1003CCD3E /* FallingLayout */,
				041E46901B826358003CCD3E /* PickerLayout */,
				041E468F1B82634E003CCD3E /* CardLayout */,
			);
			name = Layouts;
			sourceTree = "<group>";
		};
/* End PBXGroup section */

/* Begin PBXNativeTarget section */
		DE5D8F521B81E78C00B2454A /* KAOCollectionLayouts */ = {
			isa = PBXNativeTarget;
			buildConfigurationList = DE5D8F761B81E78C00B2454A /* Build configuration list for PBXNativeTarget "KAOCollectionLayouts" */;
			buildPhases = (
				DE5D8F4F1B81E78C00B2454A /* Sources */,
				DE5D8F501B81E78C00B2454A /* Frameworks */,
				DE5D8F511B81E78C00B2454A /* Resources */,
			);
			buildRules = (
			);
			dependencies = (
			);
			name = KAOCollectionLayouts;
			productName = KAOCollectionLayouts;
			productReference = DE5D8F531B81E78C00B2454A /* KAOCollectionLayouts.app */;
			productType = "com.apple.product-type.application";
		};
		DE5D8F6B1B81E78C00B2454A /* KAOCollectionLayoutsTests */ = {
			isa = PBXNativeTarget;
			buildConfigurationList = DE5D8F791B81E78C00B2454A /* Build configuration list for PBXNativeTarget "KAOCollectionLayoutsTests" */;
			buildPhases = (
				DE5D8F681B81E78C00B2454A /* Sources */,
				DE5D8F691B81E78C00B2454A /* Frameworks */,
				DE5D8F6A1B81E78C00B2454A /* Resources */,
			);
			buildRules = (
			);
			dependencies = (
				DE5D8F6E1B81E78C00B2454A /* PBXTargetDependency */,
			);
			name = KAOCollectionLayoutsTests;
			productName = KAOCollectionLayoutsTests;
			productReference = DE5D8F6C1B81E78C00B2454A /* KAOCollectionLayoutsTests.xctest */;
			productType = "com.apple.product-type.bundle.unit-test";
		};
/* End PBXNativeTarget section */

/* Begin PBXProject section */
		DE5D8F4B1B81E78C00B2454A /* Project object */ = {
			isa = PBXProject;
			attributes = {
				LastUpgradeCheck = 0720;
				ORGANIZATIONNAME = Kievkao;
				TargetAttributes = {
					DE5D8F521B81E78C00B2454A = {
						CreatedOnToolsVersion = 6.4;
					};
					DE5D8F6B1B81E78C00B2454A = {
						CreatedOnToolsVersion = 6.4;
						TestTargetID = DE5D8F521B81E78C00B2454A;
					};
				};
			};
			buildConfigurationList = DE5D8F4E1B81E78C00B2454A /* Build configuration list for PBXProject "KAOCollectionLayouts" */;
			compatibilityVersion = "Xcode 3.2";
			developmentRegion = English;
			hasScannedForEncodings = 0;
			knownRegions = (
				en,
				Base,
			);
			mainGroup = DE5D8F4A1B81E78C00B2454A;
			productRefGroup = DE5D8F541B81E78C00B2454A /* Products */;
			projectDirPath = "";
			projectRoot = "";
			targets = (
				DE5D8F521B81E78C00B2454A /* KAOCollectionLayouts */,
				DE5D8F6B1B81E78C00B2454A /* KAOCollectionLayoutsTests */,
			);
		};
/* End PBXProject section */

/* Begin PBXResourcesBuildPhase section */
		DE5D8F511B81E78C00B2454A /* Resources */ = {
			isa = PBXResourcesBuildPhase;
			buildActionMask = 2147483647;
			files = (
				DE5D8F621B81E78C00B2454A /* Main.storyboard in Resources */,
				DE5D8F671B81E78C00B2454A /* LaunchScreen.xib in Resources */,
				DE5D8F641B81E78C00B2454A /* Images.xcassets in Resources */,
			);
			runOnlyForDeploymentPostprocessing = 0;
		};
		DE5D8F6A1B81E78C00B2454A /* Resources */ = {
			isa = PBXResourcesBuildPhase;
			buildActionMask = 2147483647;
			files = (
			);
			runOnlyForDeploymentPostprocessing = 0;
		};
/* End PBXResourcesBuildPhase section */

/* Begin PBXSourcesBuildPhase section */
		DE5D8F4F1B81E78C00B2454A /* Sources */ = {
			isa = PBXSourcesBuildPhase;
			buildActionMask = 2147483647;
			files = (
				DE5D8F5F1B81E78C00B2454A /* ViewController.m in Sources */,
				DE5D8F821B81E7C400B2454A /* KAOCardLayout.m in Sources */,
				DE0022A01B837445001C7162 /* KAOWaterfallLayout.m in Sources */,
				DE0022AE1B838386001C7162 /* KAORectReplacementBridge.mm in Sources */,
				DE5D8F8B1B81F0B600B2454A /* KAOPickerLayout.m in Sources */,
				DE0022A31B8374B0001C7162 /* KAOImageCell.m in Sources */,
				041E46931B82637D003CCD3E /* KAOPickerCell.m in Sources */,
				DE5D8F5C1B81E78C00B2454A /* AppDelegate.m in Sources */,
				DE0022A61B837EF9001C7162 /* RectPlacement.cpp in Sources */,
				DE5D8F591B81E78C00B2454A /* main.m in Sources */,
				041E469E1B8270DF003CCD3E /* KAOFallingLayout.m in Sources */,
			);
			runOnlyForDeploymentPostprocessing = 0;
		};
		DE5D8F681B81E78C00B2454A /* Sources */ = {
			isa = PBXSourcesBuildPhase;
			buildActionMask = 2147483647;
			files = (
				DE5D8F731B81E78C00B2454A /* KAOCollectionLayoutsTests.m in Sources */,
			);
			runOnlyForDeploymentPostprocessing = 0;
		};
/* End PBXSourcesBuildPhase section */

/* Begin PBXTargetDependency section */
		DE5D8F6E1B81E78C00B2454A /* PBXTargetDependency */ = {
			isa = PBXTargetDependency;
			target = DE5D8F521B81E78C00B2454A /* KAOCollectionLayouts */;
			targetProxy = DE5D8F6D1B81E78C00B2454A /* PBXContainerItemProxy */;
		};
/* End PBXTargetDependency section */

/* Begin PBXVariantGroup section */
		DE5D8F601B81E78C00B2454A /* Main.storyboard */ = {
			isa = PBXVariantGroup;
			children = (
				DE5D8F611B81E78C00B2454A /* Base */,
			);
			name = Main.storyboard;
			sourceTree = "<group>";
		};
		DE5D8F651B81E78C00B2454A /* LaunchScreen.xib */ = {
			isa = PBXVariantGroup;
			children = (
				DE5D8F661B81E78C00B2454A /* Base */,
			);
			name = LaunchScreen.xib;
			sourceTree = "<group>";
		};
/* End PBXVariantGroup section */

/* Begin XCBuildConfiguration section */
		DE5D8F741B81E78C00B2454A /* Debug */ = {
			isa = XCBuildConfiguration;
			buildSettings = {
				ALWAYS_SEARCH_USER_PATHS = NO;
				CLANG_CXX_LANGUAGE_STANDARD = "gnu++0x";
				CLANG_CXX_LIBRARY = "libc++";
				CLANG_ENABLE_MODULES = YES;
				CLANG_ENABLE_OBJC_ARC = YES;
				CLANG_WARN_BOOL_CONVERSION = YES;
				CLANG_WARN_CONSTANT_CONVERSION = YES;
				CLANG_WARN_DIRECT_OBJC_ISA_USAGE = YES_ERROR;
				CLANG_WARN_EMPTY_BODY = YES;
				CLANG_WARN_ENUM_CONVERSION = YES;
				CLANG_WARN_INT_CONVERSION = YES;
				CLANG_WARN_OBJC_ROOT_CLASS = YES_ERROR;
				CLANG_WARN_UNREACHABLE_CODE = YES;
				CLANG_WARN__DUPLICATE_METHOD_MATCH = YES;
				"CODE_SIGN_IDENTITY[sdk=iphoneos*]" = "iPhone Developer";
				COPY_PHASE_STRIP = NO;
				DEBUG_INFORMATION_FORMAT = "dwarf-with-dsym";
				ENABLE_STRICT_OBJC_MSGSEND = YES;
				ENABLE_TESTABILITY = YES;
				GCC_C_LANGUAGE_STANDARD = gnu99;
				GCC_DYNAMIC_NO_PIC = NO;
				GCC_NO_COMMON_BLOCKS = YES;
				GCC_OPTIMIZATION_LEVEL = 0;
				GCC_PREPROCESSOR_DEFINITIONS = (
					"DEBUG=1",
					"$(inherited)",
				);
				GCC_SYMBOLS_PRIVATE_EXTERN = NO;
				GCC_WARN_64_TO_32_BIT_CONVERSION = YES;
				GCC_WARN_ABOUT_RETURN_TYPE = YES_ERROR;
				GCC_WARN_UNDECLARED_SELECTOR = YES;
				GCC_WARN_UNINITIALIZED_AUTOS = YES_AGGRESSIVE;
				GCC_WARN_UNUSED_FUNCTION = YES;
				GCC_WARN_UNUSED_VARIABLE = YES;
				IPHONEOS_DEPLOYMENT_TARGET = 8.4;
				MTL_ENABLE_DEBUG_INFO = YES;
				ONLY_ACTIVE_ARCH = YES;
				SDKROOT = iphoneos;
				TARGETED_DEVICE_FAMILY = "1,2";
			};
			name = Debug;
		};
		DE5D8F751B81E78C00B2454A /* Release */ = {
			isa = XCBuildConfiguration;
			buildSettings = {
				ALWAYS_SEARCH_USER_PATHS = NO;
				CLANG_CXX_LANGUAGE_STANDARD = "gnu++0x";
				CLANG_CXX_LIBRARY = "libc++";
				CLANG_ENABLE_MODULES = YES;
				CLANG_ENABLE_OBJC_ARC = YES;
				CLANG_WARN_BOOL_CONVERSION = YES;
				CLANG_WARN_CONSTANT_CONVERSION = YES;
				CLANG_WARN_DIRECT_OBJC_ISA_USAGE = YES_ERROR;
				CLANG_WARN_EMPTY_BODY = YES;
				CLANG_WARN_ENUM_CONVERSION = YES;
				CLANG_WARN_INT_CONVERSION = YES;
				CLANG_WARN_OBJC_ROOT_CLASS = YES_ERROR;
				CLANG_WARN_UNREACHABLE_CODE = YES;
				CLANG_WARN__DUPLICATE_METHOD_MATCH = YES;
				"CODE_SIGN_IDENTITY[sdk=iphoneos*]" = "iPhone Developer";
				COPY_PHASE_STRIP = NO;
				DEBUG_INFORMATION_FORMAT = "dwarf-with-dsym";
				ENABLE_NS_ASSERTIONS = NO;
				ENABLE_STRICT_OBJC_MSGSEND = YES;
				GCC_C_LANGUAGE_STANDARD = gnu99;
				GCC_NO_COMMON_BLOCKS = YES;
				GCC_WARN_64_TO_32_BIT_CONVERSION = YES;
				GCC_WARN_ABOUT_RETURN_TYPE = YES_ERROR;
				GCC_WARN_UNDECLARED_SELECTOR = YES;
				GCC_WARN_UNINITIALIZED_AUTOS = YES_AGGRESSIVE;
				GCC_WARN_UNUSED_FUNCTION = YES;
				GCC_WARN_UNUSED_VARIABLE = YES;
				IPHONEOS_DEPLOYMENT_TARGET = 8.4;
				MTL_ENABLE_DEBUG_INFO = NO;
				SDKROOT = iphoneos;
				TARGETED_DEVICE_FAMILY = "1,2";
				VALIDATE_PRODUCT = YES;
			};
			name = Release;
		};
		DE5D8F771B81E78C00B2454A /* Debug */ = {
			isa = XCBuildConfiguration;
			buildSettings = {
				ASSETCATALOG_COMPILER_APPICON_NAME = AppIcon;
				INFOPLIST_FILE = KAOCollectionLayouts/Info.plist;
				LD_RUNPATH_SEARCH_PATHS = "$(inherited) @executable_path/Frameworks";
				PRODUCT_BUNDLE_IDENTIFIER = "KAO.$(PRODUCT_NAME:rfc1034identifier)";
				PRODUCT_NAME = "$(TARGET_NAME)";
			};
			name = Debug;
		};
		DE5D8F781B81E78C00B2454A /* Release */ = {
			isa = XCBuildConfiguration;
			buildSettings = {
				ASSETCATALOG_COMPILER_APPICON_NAME = AppIcon;
				INFOPLIST_FILE = KAOCollectionLayouts/Info.plist;
				LD_RUNPATH_SEARCH_PATHS = "$(inherited) @executable_path/Frameworks";
				PRODUCT_BUNDLE_IDENTIFIER = "KAO.$(PRODUCT_NAME:rfc1034identifier)";
				PRODUCT_NAME = "$(TARGET_NAME)";
			};
			name = Release;
		};
		DE5D8F7A1B81E78C00B2454A /* Debug */ = {
			isa = XCBuildConfiguration;
			buildSettings = {
				BUNDLE_LOADER = "$(TEST_HOST)";
				FRAMEWORK_SEARCH_PATHS = (
					"$(SDKROOT)/Developer/Library/Frameworks",
					"$(inherited)",
				);
				GCC_PREPROCESSOR_DEFINITIONS = (
					"DEBUG=1",
					"$(inherited)",
				);
				INFOPLIST_FILE = KAOCollectionLayoutsTests/Info.plist;
				LD_RUNPATH_SEARCH_PATHS = "$(inherited) @executable_path/Frameworks @loader_path/Frameworks";
				PRODUCT_BUNDLE_IDENTIFIER = "KAO.$(PRODUCT_NAME:rfc1034identifier)";
				PRODUCT_NAME = "$(TARGET_NAME)";
				TEST_HOST = "$(BUILT_PRODUCTS_DIR)/KAOCollectionLayouts.app/KAOCollectionLayouts";
			};
			name = Debug;
		};
		DE5D8F7B1B81E78C00B2454A /* Release */ = {
			isa = XCBuildConfiguration;
			buildSettings = {
				BUNDLE_LOADER = "$(TEST_HOST)";
				FRAMEWORK_SEARCH_PATHS = (
					"$(SDKROOT)/Developer/Library/Frameworks",
					"$(inherited)",
				);
				INFOPLIST_FILE = KAOCollectionLayoutsTests/Info.plist;
				LD_RUNPATH_SEARCH_PATHS = "$(inherited) @executable_path/Frameworks @loader_path/Frameworks";
				PRODUCT_BUNDLE_IDENTIFIER = "KAO.$(PRODUCT_NAME:rfc1034identifier)";
				PRODUCT_NAME = "$(TARGET_NAME)";
				TEST_HOST = "$(BUILT_PRODUCTS_DIR)/KAOCollectionLayouts.app/KAOCollectionLayouts";
			};
			name = Release;
		};
/* End XCBuildConfiguration section */

/* Begin XCConfigurationList section */
		DE5D8F4E1B81E78C00B2454A /* Build configuration list for PBXProject "KAOCollectionLayouts" */ = {
			isa = XCConfigurationList;
			buildConfigurations = (
				DE5D8F741B81E78C00B2454A /* Debug */,
				DE5D8F751B81E78C00B2454A /* Release */,
			);
			defaultConfigurationIsVisible = 0;
			defaultConfigurationName = Release;
		};
		DE5D8F761B81E78C00B2454A /* Build configuration list for PBXNativeTarget "KAOCollectionLayouts" */ = {
			isa = XCConfigurationList;
			buildConfigurations = (
				DE5D8F771B81E78C00B2454A /* Debug */,
				DE5D8F781B81E78C00B2454A /* Release */,
			);
			defaultConfigurationIsVisible = 0;
			defaultConfigurationName = Release;
		};
		DE5D8F791B81E78C00B2454A /* Build configuration list for PBXNativeTarget "KAOCollectionLayoutsTests" */ = {
			isa = XCConfigurationList;
			buildConfigurations = (
				DE5D8F7A1B81E78C00B2454A /* Debug */,
				DE5D8F7B1B81E78C00B2454A /* Release */,
			);
			defaultConfigurationIsVisible = 0;
			defaultConfigurationName = Release;
		};
/* End XCConfigurationList section */
	};
	rootObject = DE5D8F4B1B81E78C00B2454A /* Project object */;
}
